
Microsoft Visual Studio Solution File, Format Version 12.00
# Visual Studio 15
VisualStudioVersion = 15.0.28010.2041
MinimumVisualStudioVersion = 10.0.40219.1
Project("{FAE04EC0-301F-11D3-BF4B-00C04F79EFBC}") = "Strona_zaliczenie_MAT2_122121", "Strona_zaliczenie_MAT2_122121\Strona_zaliczenie_MAT2_122121.csproj", "{45172F7D-FA81-48E4-A9AC-3502AD76E8A6}"
EndProject
Global
	GlobalSection(SolutionConfigurationPlatforms) = preSolution
		Debug|Any CPU = Debug|Any CPU
		Release|Any CPU = Release|Any CPU
	EndGlobalSection
	GlobalSection(ProjectConfigurationPlatforms) = postSolution
		{45172F7D-FA81-48E4-A9AC-3502AD76E8A6}.Debug|Any CPU.ActiveCfg = Debug|Any CPU
		{45172F7D-FA81-48E4-A9AC-3502AD76E8A6}.Debug|Any CPU.Build.0 = Debug|Any CPU
		{45172F7D-FA81-48E4-A9AC-3502AD76E8A6}.Release|Any CPU.ActiveCfg = Release|Any CPU
		{45172F7D-FA81-48E4-A9AC-3502AD76E8A6}.Release|Any CPU.Build.0 = Release|Any CPU
	EndGlobalSection
	GlobalSection(SolutionProperties) = preSolution
		HideSolutionNode = FALSE
	EndGlobalSection
	GlobalSection(ExtensibilityGlobals) = postSolution
		SolutionGuid = {D5DBB606-B220-44B6-B527-1F13E873490E}
	EndGlobalSection
EndGlobal
